{
  "name": "nicogis-webgl-samples",
  "version": "1.0.0",
  "lockfileVersion": 3,
  "requires": true,
  "packages": {
    "": {
      "name": "nicogis-webgl-samples",
      "version": "1.0.0",
      "dependencies": {
        "@types/arcgis-js-api": "^4.3.1",
        "@types/gl-matrix": "^2.2.34",
        "@types/three": "^0.84.15"
      }
    },
    "node_modules/@types/arcgis-js-api": {
      "version": "4.3.1",
      "license": "MIT"
    },
    "node_modules/@types/gl-matrix": {
      "version": "2.2.34",
      "license": "MIT"
    },
    "node_modules/@types/three": {
      "version": "0.84.15",
      "license": "MIT",
      "dependencies": {
        "@types/webvr-api": "*"
      }
    },
    "node_modules/@types/webvr-api": {
      "version": "0.0.31",
      "license": "MIT"
    }
  }
}
